
Microsoft Visual Studio Solution File, Format Version 12.00
# Visual Studio Version 16
VisualStudioVersion = 16.0.31321.278
MinimumVisualStudioVersion = 10.0.40219.1
Project("{FAE04EC0-301F-11D3-BF4B-00C04F79EFBC}") = "Goodstein", "Goodstein\Goodstein.csproj", "{EF0D7F33-F818-40C4-A648-1437814F5F8A}"
EndProject
Global
	GlobalSection(SolutionConfigurationPlatforms) = preSolution
		Debug|Any CPU = Debug|Any CPU
		Release|Any CPU = Release|Any CPU
	EndGlobalSection
	GlobalSection(ProjectConfigurationPlatforms) = postSolution
		{EF0D7F33-F818-40C4-A648-1437814F5F8A}.Debug|Any CPU.ActiveCfg = Debug|Any CPU
		{EF0D7F33-F818-40C4-A648-1437814F5F8A}.Debug|Any CPU.Build.0 = Debug|Any CPU
		{EF0D7F33-F818-40C4-A648-1437814F5F8A}.Release|Any CPU.ActiveCfg = Release|Any CPU
		{EF0D7F33-F818-40C4-A648-1437814F5F8A}.Release|Any CPU.Build.0 = Release|Any CPU
	EndGlobalSection
	GlobalSection(SolutionProperties) = preSolution
		HideSolutionNode = FALSE
	EndGlobalSection
	GlobalSection(ExtensibilityGlobals) = postSolution
		SolutionGuid = {ECE077DE-1957-4315-8CC2-EDDB8733C723}
	EndGlobalSection
EndGlobal
